{
  "name": "file-json-db",
  "version": "1.0.0",
  "lockfileVersion": 3,
  "requires": true,
  "packages": {
    "": {
      "name": "file-json-db",
      "version": "1.0.0",
      "license": "ISC",
      "dependencies": {
        "file-system-db": "^1.1.0",
        "uniqid": "^5.4.0"
      }
    },
    "node_modules/file-system-db": {
      "version": "1.1.0",
      "resolved": "https://registry.npmjs.org/file-system-db/-/file-system-db-1.1.0.tgz",
      "integrity": "sha512-ClqEky0MqCIbq8Jnx7gAeWa0ZpHUHosYd32zwRBllinIEwfxNoz5cOOm6ju5SN9B79fyeXd0gTpSFQ0oBR6jIA=="
    },
    "node_modules/uniqid": {
      "version": "5.4.0",
      "resolved": "https://registry.npmjs.org/uniqid/-/uniqid-5.4.0.tgz",
      "integrity": "sha512-38JRbJ4Fj94VmnC7G/J/5n5SC7Ab46OM5iNtSstB/ko3l1b5g7ALt4qzHFgGciFkyiRNtDXtLNb+VsxtMSE77A=="
    }
  }
}
